
Microsoft Visual Studio Solution File, Format Version 12.00
# Visual Studio 15
VisualStudioVersion = 15.0.26730.16
MinimumVisualStudioVersion = 10.0.40219.1
Project("{D2ABAB84-BF74-430A-B69E-9DC6D40DDA17}") = "BasicDataMining", "BasicDataMining\BasicDataMining.dwproj", "{589D134D-E12C-44D2-9FB8-8587E456A4C9}"
EndProject
Global
	GlobalSection(SolutionConfigurationPlatforms) = preSolution
		Development|Default = Development|Default
	EndGlobalSection
	GlobalSection(ProjectConfigurationPlatforms) = postSolution
		{589D134D-E12C-44D2-9FB8-8587E456A4C9}.Development|Default.ActiveCfg = Development
		{589D134D-E12C-44D2-9FB8-8587E456A4C9}.Development|Default.Build.0 = Development
		{589D134D-E12C-44D2-9FB8-8587E456A4C9}.Development|Default.Deploy.0 = Development
	EndGlobalSection
	GlobalSection(SolutionProperties) = preSolution
		HideSolutionNode = FALSE
	EndGlobalSection
	GlobalSection(ExtensibilityGlobals) = postSolution
		SolutionGuid = {F1C481FD-68E1-46B5-A3E6-5AFBA39D8BA3}
	EndGlobalSection
EndGlobal
